
Microsoft Visual Studio Solution File, Format Version 12.00
# Visual Studio Version 16
VisualStudioVersion = 16.0.29709.97
MinimumVisualStudioVersion = 10.0.40219.1
Project("{FAE04EC0-301F-11D3-BF4B-00C04F79EFBC}") = "EBM_TestMod", "EBM_TestMod.csproj", "{5D142F9B-E91D-70BA-33EB-0757DDC90B36}"
EndProject
Project("{2150E333-8FDC-42A3-9474-1A3956D46DE8}") = "Solution Items", "Solution Items", "{33283395-1F2B-4048-B8D4-C37DF557A031}"
	ProjectSection(SolutionItems) = preProject
		.editorconfig = .editorconfig
	EndProjectSection
EndProject
Global
	GlobalSection(SolutionConfigurationPlatforms) = preSolution
		Debug|Any CPU = Debug|Any CPU
		Debug|x64 = Debug|x64
		Debug|x86 = Debug|x86
		Release|Any CPU = Release|Any CPU
		Release|x64 = Release|x64
		Release|x86 = Release|x86
	EndGlobalSection
	GlobalSection(ProjectConfigurationPlatforms) = postSolution
		{5D142F9B-E91D-70BA-33EB-0757DDC90B36}.Debug|Any CPU.ActiveCfg = Debug|Any CPU
		{5D142F9B-E91D-70BA-33EB-0757DDC90B36}.Debug|Any CPU.Build.0 = Debug|Any CPU
		{5D142F9B-E91D-70BA-33EB-0757DDC90B36}.Debug|x64.ActiveCfg = Debug|x64
		{5D142F9B-E91D-70BA-33EB-0757DDC90B36}.Debug|x64.Build.0 = Debug|x64
		{5D142F9B-E91D-70BA-33EB-0757DDC90B36}.Debug|x86.ActiveCfg = Debug|x86
		{5D142F9B-E91D-70BA-33EB-0757DDC90B36}.Debug|x86.Build.0 = Debug|x86
		{5D142F9B-E91D-70BA-33EB-0757DDC90B36}.Release|Any CPU.ActiveCfg = Release|Any CPU
		{5D142F9B-E91D-70BA-33EB-0757DDC90B36}.Release|Any CPU.Build.0 = Release|Any CPU
		{5D142F9B-E91D-70BA-33EB-0757DDC90B36}.Release|x64.ActiveCfg = Release|x64
		{5D142F9B-E91D-70BA-33EB-0757DDC90B36}.Release|x64.Build.0 = Release|x64
		{5D142F9B-E91D-70BA-33EB-0757DDC90B36}.Release|x86.ActiveCfg = Release|x86
		{5D142F9B-E91D-70BA-33EB-0757DDC90B36}.Release|x86.Build.0 = Release|x86
	EndGlobalSection
	GlobalSection(SolutionProperties) = preSolution
		HideSolutionNode = FALSE
	EndGlobalSection
	GlobalSection(ExtensibilityGlobals) = postSolution
		SolutionGuid = {C5D91377-8A6D-4539-8ED7-01425A6B8060}
	EndGlobalSection
	GlobalSection(MonoDevelopProperties) = preSolution
		StartupItem = Assembly-CSharp.csproj
	EndGlobalSection
EndGlobal
